
Microsoft Visual Studio Solution File, Format Version 12.00
# Visual Studio Version 17
VisualStudioVersion = 17.1.32319.34
MinimumVisualStudioVersion = 10.0.40219.1
Project("{9A19103F-16F7-4668-BE54-9A1E7A4F7556}") = "Source", "Source\Source.csproj", "{D5EE128B-814B-4395-AF9A-4DE249032292}"
EndProject
Global
	GlobalSection(SolutionConfigurationPlatforms) = preSolution
		Debug|Any CPU = Debug|Any CPU
		Release|Any CPU = Release|Any CPU
	EndGlobalSection
	GlobalSection(ProjectConfigurationPlatforms) = postSolution
		{D5EE128B-814B-4395-AF9A-4DE249032292}.Debug|Any CPU.ActiveCfg = Debug|Any CPU
		{D5EE128B-814B-4395-AF9A-4DE249032292}.Debug|Any CPU.Build.0 = Debug|Any CPU
		{D5EE128B-814B-4395-AF9A-4DE249032292}.Release|Any CPU.ActiveCfg = Release|Any CPU
		{D5EE128B-814B-4395-AF9A-4DE249032292}.Release|Any CPU.Build.0 = Release|Any CPU
	EndGlobalSection
	GlobalSection(SolutionProperties) = preSolution
		HideSolutionNode = FALSE
	EndGlobalSection
	GlobalSection(ExtensibilityGlobals) = postSolution
		SolutionGuid = {0E9A54E2-B419-4E60-968A-DD53F3ECBC5A}
	EndGlobalSection
EndGlobal
